
Microsoft Visual Studio Solution File, Format Version 12.00
# Visual Studio Version 16
VisualStudioVersion = 16.0.32602.291
MinimumVisualStudioVersion = 10.0.40219.1
Project("{9A19103F-16F7-4668-BE54-9A1E7A4F7556}") = "AuthorizationMicroservice", "AuthorizationMicroservice\AuthorizationMicroservice.csproj", "{A744E0CA-6849-410B-B99E-199F1D484E2C}"
EndProject
Project("{9A19103F-16F7-4668-BE54-9A1E7A4F7556}") = "PensionerDetailMicroservice", "PensionerDetailMicroservice\PensionerDetailMicroservice.csproj", "{5261CDB6-1F69-4C25-8AD9-AF19EC476F60}"
EndProject
Project("{9A19103F-16F7-4668-BE54-9A1E7A4F7556}") = "ProcessPensionMicroservice", "ProcessPensionMicroservice\ProcessPensionMicroservice.csproj", "{2AE8768B-3834-4B82-BD92-87D48BA26A53}"
EndProject
Project("{E53339B2-1760-4266-BCC7-CA923CBCF16C}") = "docker-compose", "docker-compose.dcproj", "{BEA64153-67DA-46AD-A7D6-C0C293A4BC84}"
EndProject
Project("{2150E333-8FDC-42A3-9474-1A3956D46DE8}") = "Test Project", "Test Project", "{E78D9389-8C5D-4011-88AB-61E81331A9FA}"
EndProject
Project("{9A19103F-16F7-4668-BE54-9A1E7A4F7556}") = "AuthorizationMicroserviceTest", "..\AuthorizationMicroserviceTest\AuthorizationMicroserviceTest.csproj", "{8533D676-8154-441C-B540-8AA3A918A2F8}"
EndProject
Project("{FAE04EC0-301F-11D3-BF4B-00C04F79EFBC}") = "PensionDetailsModuleTest", "..\PensionDetailsModuleTest\PensionDetailsModuleTest.csproj", "{DAD96C8A-106F-47D5-90A3-23388DEB0CC9}"
EndProject
Project("{FAE04EC0-301F-11D3-BF4B-00C04F79EFBC}") = "ProcessPensionModuleTest", "..\ProcessPensionModuleTest\ProcessPensionModuleTest.csproj", "{1CC0EEC5-81F2-47E4-A47A-16329461C655}"
EndProject
Global
	GlobalSection(SolutionConfigurationPlatforms) = preSolution
		Debug|Any CPU = Debug|Any CPU
		Release|Any CPU = Release|Any CPU
	EndGlobalSection
	GlobalSection(ProjectConfigurationPlatforms) = postSolution
		{A744E0CA-6849-410B-B99E-199F1D484E2C}.Debug|Any CPU.ActiveCfg = Debug|Any CPU
		{A744E0CA-6849-410B-B99E-199F1D484E2C}.Debug|Any CPU.Build.0 = Debug|Any CPU
		{A744E0CA-6849-410B-B99E-199F1D484E2C}.Release|Any CPU.ActiveCfg = Release|Any CPU
		{A744E0CA-6849-410B-B99E-199F1D484E2C}.Release|Any CPU.Build.0 = Release|Any CPU
		{5261CDB6-1F69-4C25-8AD9-AF19EC476F60}.Debug|Any CPU.ActiveCfg = Debug|Any CPU
		{5261CDB6-1F69-4C25-8AD9-AF19EC476F60}.Debug|Any CPU.Build.0 = Debug|Any CPU
		{5261CDB6-1F69-4C25-8AD9-AF19EC476F60}.Release|Any CPU.ActiveCfg = Release|Any CPU
		{5261CDB6-1F69-4C25-8AD9-AF19EC476F60}.Release|Any CPU.Build.0 = Release|Any CPU
		{2AE8768B-3834-4B82-BD92-87D48BA26A53}.Debug|Any CPU.ActiveCfg = Debug|Any CPU
		{2AE8768B-3834-4B82-BD92-87D48BA26A53}.Debug|Any CPU.Build.0 = Debug|Any CPU
		{2AE8768B-3834-4B82-BD92-87D48BA26A53}.Release|Any CPU.ActiveCfg = Release|Any CPU
		{2AE8768B-3834-4B82-BD92-87D48BA26A53}.Release|Any CPU.Build.0 = Release|Any CPU
		{BEA64153-67DA-46AD-A7D6-C0C293A4BC84}.Debug|Any CPU.ActiveCfg = Debug|Any CPU
		{BEA64153-67DA-46AD-A7D6-C0C293A4BC84}.Debug|Any CPU.Build.0 = Debug|Any CPU
		{BEA64153-67DA-46AD-A7D6-C0C293A4BC84}.Release|Any CPU.ActiveCfg = Release|Any CPU
		{BEA64153-67DA-46AD-A7D6-C0C293A4BC84}.Release|Any CPU.Build.0 = Release|Any CPU
		{8533D676-8154-441C-B540-8AA3A918A2F8}.Debug|Any CPU.ActiveCfg = Debug|Any CPU
		{8533D676-8154-441C-B540-8AA3A918A2F8}.Debug|Any CPU.Build.0 = Debug|Any CPU
		{8533D676-8154-441C-B540-8AA3A918A2F8}.Release|Any CPU.ActiveCfg = Release|Any CPU
		{8533D676-8154-441C-B540-8AA3A918A2F8}.Release|Any CPU.Build.0 = Release|Any CPU
		{DAD96C8A-106F-47D5-90A3-23388DEB0CC9}.Debug|Any CPU.ActiveCfg = Debug|Any CPU
		{DAD96C8A-106F-47D5-90A3-23388DEB0CC9}.Debug|Any CPU.Build.0 = Debug|Any CPU
		{DAD96C8A-106F-47D5-90A3-23388DEB0CC9}.Release|Any CPU.ActiveCfg = Release|Any CPU
		{DAD96C8A-106F-47D5-90A3-23388DEB0CC9}.Release|Any CPU.Build.0 = Release|Any CPU
		{1CC0EEC5-81F2-47E4-A47A-16329461C655}.Debug|Any CPU.ActiveCfg = Debug|Any CPU
		{1CC0EEC5-81F2-47E4-A47A-16329461C655}.Debug|Any CPU.Build.0 = Debug|Any CPU
		{1CC0EEC5-81F2-47E4-A47A-16329461C655}.Release|Any CPU.ActiveCfg = Release|Any CPU
		{1CC0EEC5-81F2-47E4-A47A-16329461C655}.Release|Any CPU.Build.0 = Release|Any CPU
	EndGlobalSection
	GlobalSection(SolutionProperties) = preSolution
		HideSolutionNode = FALSE
	EndGlobalSection
	GlobalSection(NestedProjects) = preSolution
		{8533D676-8154-441C-B540-8AA3A918A2F8} = {E78D9389-8C5D-4011-88AB-61E81331A9FA}
		{DAD96C8A-106F-47D5-90A3-23388DEB0CC9} = {E78D9389-8C5D-4011-88AB-61E81331A9FA}
		{1CC0EEC5-81F2-47E4-A47A-16329461C655} = {E78D9389-8C5D-4011-88AB-61E81331A9FA}
	EndGlobalSection
	GlobalSection(ExtensibilityGlobals) = postSolution
		SolutionGuid = {DD4EAB58-C9E4-4526-A42D-8F56400C2EAF}
	EndGlobalSection
EndGlobal
